{
  "nodes": {
    "home-manager": {
      "inputs": {
        "nixpkgs": [
          "nixpkgs"
        ]
      },
      "locked": {
        "lastModified": 1790365885,
        "narHash": "sha256-iQ0ebhiVo64NktTnwft9hNxlFu4j5cvljVxyJaEVIP4=",
        "owner": "nix-community",
        "repo": "home-manager",
        "rev": "7b4c5ec4bedaf1e062bbc1bcaeddbc6bd242aa1b",
        "type": "github"
      },
      "original": {
        "owner": "nix-community",
        "repo": "home-manager",
        "type": "github"
      }
    },
    "home-manager_2": {
      "inputs": {
        "nixpkgs": [
          "nixcord",
          "nixpkgs"
        ]
      },
      "locked": {
        "lastModified": 1790215976,
        "narHash": "sha256-VkR1rMGyjU9jtw8ISFx5uqR9e+LEaOlhHwrseFkiIVk=",
        "owner": "nix-community",
        "repo": "home-manager",
        "rev": "a6631107a83ceab5872f298a2ea710859c80c4cb",
        "type": "github"
      },
      "original": {
        "owner": "nix-community",
        "ref": "release-26.05",
        "repo": "home-manager",
        "type": "github"
      }
    },
    "nix-darwin": {
      "inputs": {
        "nixpkgs": [
          "nixcord",
          "nixpkgs"
        ]
      },
      "locked": {
        "lastModified": 1783744694,
        "narHash": "sha256-2cp6N3rrwnGYLTx9l6N+NI+kwrCWxvJUbj5WJhvB29A=",
        "owner": "nix-darwin",
        "repo": "nix-darwin",
        "rev": "c3e90c89649b07d1a96e4b9dd6cd0d6e44b91a74",
        "type": "github"
      },
      "original": {
        "owner": "nix-darwin",
        "ref": "nix-darwin-26.05",
        "repo": "nix-darwin",
        "type": "github"
      }
    },
    "nixcord": {
      "inputs": {
        "home-manager": "home-manager_2",
        "nix-darwin": "nix-darwin",
        "nixpkgs": "nixpkgs",
        "nixpkgs-ci": "nixpkgs-ci",
        "nixpkgs-nixcord": "nixpkgs-nixcord",
        "treefmt-nix": "treefmt-nix"
      },
      "locked": {
        "lastModified": 1790684305,
        "narHash": "sha256-ZSVS1RZrILgkthJc4Oq3hZZFuHnxZD+mIcKECWcNZnU=",
        "owner": "4evy",
        "repo": "nixcord",
        "rev": "62693d0b6f0d85ffc08162f0b71a69cda3ee9357",
        "type": "github"
      },
      "original": {
        "owner": "4evy",
        "repo": "nixcord",
        "type": "github"
      }
    },
    "nixpkgs": {
      "locked": {
        "lastModified": 1790340521,
        "narHash": "sha256-cRrWlIjVRJ6BHDr9caUdXsZ3owzWIKYHpNmGPHBInIU=",
        "owner": "NixOS",
        "repo": "nixpkgs",
        "rev": "f5c082a40f7571c266e74e80ae2e68aadd8a9fc7",
        "type": "github"
      },
      "original": {
        "owner": "NixOS",
        "ref": "nixos-26.05",
        "repo": "nixpkgs",
        "type": "github"
      }
    },
    "nixpkgs-ci": {
      "locked": {
        "lastModified": 1790390834,
        "narHash": "sha256-StRyS/lFHtIw/UgJk+xo+HA66mtoWeDUbkJdvf2Byn4=",
        "owner": "NixOS",
        "repo": "nixpkgs",
        "rev": "d54020a6ac3211e9f4201631bdf67678818c0cdf",
        "type": "github"
      },
      "original": {
        "owner": "NixOS",
        "ref": "nixpkgs-unstable",
        "repo": "nixpkgs",
        "type": "github"
      }
    },
    "nixpkgs-nixcord": {
      "locked": {
        "lastModified": 1790340521,
        "narHash": "sha256-cRrWlIjVRJ6BHDr9caUdXsZ3owzWIKYHpNmGPHBInIU=",
        "owner": "NixOS",
        "repo": "nixpkgs",
        "rev": "f5c082a40f7571c266e74e80ae2e68aadd8a9fc7",
        "type": "github"
      },
      "original": {
        "owner": "NixOS",
        "ref": "nixos-26.05",
        "repo": "nixpkgs",
        "type": "github"
      }
    },
    "nixpkgs-orcaslicer": {
      "locked": {
        "lastModified": 1782645702,
        "narHash": "sha256-ldkXGG1e3rYHQmvz4PGQv3lXCVNGXGf+A71yJfMWzD4=",
        "owner": "nixos",
        "repo": "nixpkgs",
        "rev": "ce7d0299aa14e2b2bd70ed2669d513b008217229",
        "type": "github"
      },
      "original": {
        "owner": "nixos",
        "repo": "nixpkgs",
        "rev": "ce7d0299aa14e2b2bd70ed2669d513b008217229",
        "type": "github"
      }
    },
    "nixpkgs_2": {
      "locked": {
        "lastModified": 1790600678,
        "narHash": "sha256-6k3n7X2UsZ6tAlWTz99RimiZab+17tMUrw9sRUcELiA=",
        "owner": "nixos",
        "repo": "nixpkgs",
        "rev": "f45c6f04c2f013f004bf94e284e95d72898d9393",
        "type": "github"
      },
      "original": {
        "owner": "nixos",
        "ref": "nixpkgs-unstable",
        "repo": "nixpkgs",
        "type": "github"
      }
    },
    "root": {
      "inputs": {
        "home-manager": "home-manager",
        "nixcord": "nixcord",
        "nixpkgs": "nixpkgs_2",
        "nixpkgs-orcaslicer": "nixpkgs-orcaslicer",
        "vintagestory-nix": "vintagestory-nix",
        "zen-browser": "zen-browser"
      }
    },
    "treefmt-nix": {
      "inputs": {
        "nixpkgs": [
          "nixcord",
          "nixpkgs"
        ]
      },
      "locked": {
        "lastModified": 1786901030,
        "narHash": "sha256-WSFCsDSE5ffgD2MqzkM2CYjeFiKhRF/dJUN8uedb6YE=",
        "owner": "numtide",
        "repo": "treefmt-nix",
        "rev": "27b3b12a8e6375f28ebe122f07d230ca5459bbfa",
        "type": "github"
      },
      "original": {
        "owner": "numtide",
        "repo": "treefmt-nix",
        "type": "github"
      }
    },
    "vintagestory-nix": {
      "inputs": {
        "nixpkgs": [
          "nixpkgs"
        ]
      },
      "locked": {
        "lastModified": 1789664408,
        "narHash": "sha256-+NUBhdtSgPn/G/saQde+Cgo9F8TSdh+UKn+AdfJS8HE=",
        "ref": "refs/heads/master",
        "rev": "846ba0daea535db65a76d6f045c1023209972763",
        "revCount": 163,
        "type": "git",
        "url": "https://codeberg.org/PierreBorine/vintagestory-nix"
      },
      "original": {
        "type": "git",
        "url": "https://codeberg.org/PierreBorine/vintagestory-nix"
      }
    },
    "zen-browser": {
      "inputs": {
        "home-manager": [
          "home-manager"
        ],
        "nixpkgs": [
          "nixpkgs"
        ]
      },
      "locked": {
        "lastModified": 1790640826,
        "narHash": "sha256-bxciMkBWQ+G9EPwRzZkJ/L+cVgCKbgoHfHAVSlXkj7s=",
        "owner": "0xc000022070",
        "repo": "zen-browser-flake",
        "rev": "50e132ab7f46b99cc750a1f04d6857280d61a84e",
        "type": "github"
      },
      "original": {
        "owner": "0xc000022070",
        "repo": "zen-browser-flake",
        "type": "github"
      }
    }
  },
  "root": "root",
  "version": 7
}
